hash: d6469aede17b4264df3df1f07a84fddcf86abbc0428115f9e56ab04dbf08d707
updated: 2017-02-17T22:29:24.695592172-08:00
imports:
- name: github.com/elodina/go-avro
  version: 0c8185d9a3ba82aeac98db3313a268a5b6df99b5
- name: github.com/flynn/go-shlex
  version: 3f9db97f856818214da2e1057f8ad84803971cff
- name: github.com/golang/mock
  version: bd3c8e81be01eef76d4b503f5e687d2d1354d2d9
  subpackages:
  - gomock
- name: github.com/opentracing/opentracing-go
  version: 6edb48674bd9467b8e91fda004f2bd7202d60ce4
  subpackages:
  - ext
  - log
- name: github.com/pborman/uuid
  version: a97ce2ca70fa5a848076093f05e639a89ca34d06
- name: github.com/pkg/errors
  version: 645ef00459ed84a119197bfb8d8205042c6df63d
- name: github.com/satori/go.uuid
  version: 879c5887cd475cd7864858769793b2ceb0d44feb
- name: github.com/stretchr/testify
  version: 69483b4bd14f5845b5a1e55bca19e954e827f1d0
  subpackages:
  - assert
  - mock
- name: github.com/uber-go/atomic
  version: 3b8db5e93c4c02efbc313e17b2e796b0914a01fb
- name: github.com/uber/dosa-idl
  version: 48fe2d923857dba414b3f3fe10c73a68c3177cf3
  repo: git@github.com:uber/dosa-idl.git
  subpackages:
  - .gen
  - .gen/dosa
  - .gen/dosa/dosaclient
  - .gen/dosa/dosatest
- name: github.com/uber/tchannel-go
  version: 79387824978f91318be3bfb43ae12e04c38cfe97
  subpackages:
  - internal/argreader
  - relay
  - tnet
  - trand
  - typed
- name: github.com/yookoala/realpath
  version: c416d99ab5ed256fa30c1f3bab73152deb59bb69
- name: go.uber.org/atomic
  version: 0c9e689d64f004564b79d9a663634756df322902
- name: go.uber.org/thriftrw
  version: c98a13058faa5dd41584a77221a268d2c72d832d
  subpackages:
  - envelope
  - internal/envelope/exception
  - internal/semver
  - protocol
  - protocol/binary
  - version
  - wire
- name: go.uber.org/yarpc
  version: df9afd2629575769e54647cfb50f48e91d50c5dc
  subpackages:
  - api/encoding
  - api/middleware
  - api/transport
  - encoding/thrift
  - encoding/thrift/internal
  - internal
  - internal/clientconfig
  - internal/encoding
  - internal/errors
  - internal/inboundmiddleware
  - internal/introspection
  - internal/outboundmiddleware
  - internal/request
  - internal/sync
- name: golang.org/x/net
  version: b4690f45fa1cafc47b1c280c2e75116efe40cc13
  subpackages:
  - context
  - context/ctxhttp
testImports:
- name: github.com/anmitsu/go-shlex
  version: 648efa622239a2f6ff949fed78ee37b48d499ba4
- name: github.com/axw/gocov
  version: c77561ca0c0cb1ed5d4ce4a912a75f5532566422
  subpackages:
  - gocov
- name: github.com/davecgh/go-spew
  version: 346938d642f2ec3594ed81d874461961cd0faa76
  subpackages:
  - spew
- name: github.com/go-playground/overalls
  version: b52dfefba43cf6f75bb177ba45697ed12e0d10a2
- name: github.com/golang/lint
  version: b8599f7d71e7fead76b25aeb919c0e2558672f4a
  subpackages:
  - golint
- name: github.com/jessevdk/go-flags
  version: 460c7bb0abd6e927f2767cadc91aa6ef776a98b4
- name: github.com/kisielk/errcheck
  version: db0ca22445717d1b2c51ac1034440e0a2a2de645
- name: github.com/kisielk/gotool
  version: 0de1eaf82fa3f583ce21fde859f1e7e0c5e9b220
- name: github.com/matm/gocov-html
  version: f6dd0fd0ebc7c8cff8b24c0a585caeef250627a3
- name: github.com/mattn/goveralls
  version: 8482d0ebd2a64f95ce02d2b9b7065b0d6fe9151b
- name: github.com/mvdan/interfacer
  version: e2f2db5bb7b0f89a41d2e1d905ff7b78fc09c88d
  subpackages:
  - cmd/interfacer
- name: github.com/pmezard/go-difflib
  version: 792786c7400a136282c1664665ae0a8db921c6c2
  subpackages:
  - difflib
- name: github.com/russross/blackfriday
  version: 5ebfae50aacdef0dacd1a1acc469c2c1c7a7d4d8
- name: github.com/sectioneight/md-to-godoc
  version: f274e5a4257c85a9eaf60ac820ee813b78cac6ab
- name: github.com/shurcooL/sanitized_anchor_name
  version: 1dba4b3954bc059efc3991ec364f9f9a35f597d2
- name: golang.org/x/tools
  version: 8e779ee0a4509783f6940db32d1a4e8df910cc8b
  subpackages:
  - cover
