hash: 1b38ff306c1d5c2ac6210a6ce50757c9695de40b5a0dac42657d2c1399508366
updated: 2017-03-24T14:48:23.528129595-07:00
imports:
- name: github.com/elodina/go-avro
  version: 0c8185d9a3ba82aeac98db3313a268a5b6df99b5
- name: github.com/golang/mock
  version: bd3c8e81be01eef76d4b503f5e687d2d1354d2d9
  subpackages:
  - gomock
- name: github.com/jessevdk/go-flags
  version: 460c7bb0abd6e927f2767cadc91aa6ef776a98b4
- name: github.com/opentracing/opentracing-go
  version: 6edb48674bd9467b8e91fda004f2bd7202d60ce4
  subpackages:
  - ext
  - log
- name: github.com/pborman/uuid
  version: a97ce2ca70fa5a848076093f05e639a89ca34d06
- name: github.com/pkg/errors
  version: 645ef00459ed84a119197bfb8d8205042c6df63d
- name: github.com/satori/go.uuid
  version: 879c5887cd475cd7864858769793b2ceb0d44feb
- name: github.com/stretchr/testify
  version: 69483b4bd14f5845b5a1e55bca19e954e827f1d0
  subpackages:
  - assert
  - mock
- name: github.com/uber-go/atomic
  version: 3b8db5e93c4c02efbc313e17b2e796b0914a01fb
- name: github.com/uber/dosa-idl
  version: 74e0688e5ca1e009de399d0f35884ef7163f4b85
  repo: git@github.com:uber/dosa-idl.git
  subpackages:
  - .gen
  - .gen/dosa
  - .gen/dosa/dosaclient
  - .gen/dosa/dosatest
- name: github.com/uber/tchannel-go
  version: 0b7f160817553b0bacb5b108dd84a5022dbdd1c4
  subpackages:
  - internal/argreader
  - relay
  - tnet
  - trand
  - typed
- name: github.com/yarpc/yarpc-go
  version: 3860420a469b82f1708886e4e03ea75a2314f237
- name: github.com/yookoala/realpath
  version: c416d99ab5ed256fa30c1f3bab73152deb59bb69
- name: go.uber.org/atomic
  version: 3b8db5e93c4c02efbc313e17b2e796b0914a01fb
- name: go.uber.org/thriftrw
  version: 05f870b3c56597d180af568a6392209cc33269e2
  subpackages:
  - envelope
  - internal/envelope/exception
  - internal/semver
  - protocol
  - protocol/binary
  - version
  - wire
- name: go.uber.org/yarpc
  version: f01b39b021a77ec92e6507d2a14c83f4af0ea871
  subpackages:
  - api/encoding
  - api/middleware
  - api/peer
  - api/transport
  - encoding/thrift
  - encoding/thrift/internal
  - internal
  - internal/buffer
  - internal/clientconfig
  - internal/encoding
  - internal/errors
  - internal/inboundmiddleware
  - internal/introspection
  - internal/iopool
  - internal/net
  - internal/outboundmiddleware
  - internal/request
  - internal/sync
  - peer
  - peer/hostport
  - transport/http
  - transport/tchannel
  - transport/tchannel/internal
- name: golang.org/x/net
  version: 78ebe5c8b6a27ec13109c73c22193d618270e1e1
  subpackages:
  - context
  - context/ctxhttp
testImports:
- name: github.com/anmitsu/go-shlex
  version: 648efa622239a2f6ff949fed78ee37b48d499ba4
- name: github.com/axw/gocov
  version: 3a69a0d2a4ef1f263e2d92b041a69593d6964fe8
  subpackages:
  - gocov
- name: github.com/davecgh/go-spew
  version: 346938d642f2ec3594ed81d874461961cd0faa76
  subpackages:
  - spew
- name: github.com/go-playground/overalls
  version: b52dfefba43cf6f75bb177ba45697ed12e0d10a2
- name: github.com/golang/lint
  version: cb00e5669539f047b2f4c53a421a01b0c8e172c6
  subpackages:
  - golint
- name: github.com/kisielk/errcheck
  version: 23699b7e2cbfdb89481023524954ba2aeff6be90
- name: github.com/kisielk/gotool
  version: 0de1eaf82fa3f583ce21fde859f1e7e0c5e9b220
- name: github.com/matm/gocov-html
  version: f6dd0fd0ebc7c8cff8b24c0a585caeef250627a3
- name: github.com/mattn/goveralls
  version: a99c5ee06aeeca2a2befc7e90b99061b1180850c
- name: github.com/mvdan/interfacer
  version: 17c838aea007c18c5c137250e615dc9309e0caf0
  subpackages:
  - cmd/interfacer
- name: github.com/pmezard/go-difflib
  version: 792786c7400a136282c1664665ae0a8db921c6c2
  subpackages:
  - difflib
- name: github.com/russross/blackfriday
  version: 5ebfae50aacdef0dacd1a1acc469c2c1c7a7d4d8
- name: github.com/sectioneight/md-to-godoc
  version: f274e5a4257c85a9eaf60ac820ee813b78cac6ab
- name: github.com/shurcooL/sanitized_anchor_name
  version: 1dba4b3954bc059efc3991ec364f9f9a35f597d2
- name: golang.org/x/tools
  version: c21bc47f893ee73c18dd2119bb8ff9a2b492c4c6
  subpackages:
  - cover
