hash: 5a48c682e7acaa523bd51744fba3749c5f79ed11a9bf6a758bdc83e4888b89e2
updated: 2020-01-30T15:46:32.099245-08:00
imports:
- name: github.com/anmitsu/go-shlex
  version: 648efa622239a2f6ff949fed78ee37b48d499ba4
- name: github.com/beorn7/perks
  version: 4b2b341e8d7715fae06375aa633dbb6e91b3fb46
  subpackages:
  - quantile
- name: github.com/BurntSushi/toml
  version: 3012a1dbe2e4bd1391d42b32f0577cb7bbc7f005
- name: github.com/elodina/go-avro
  version: 0c8185d9a3ba82aeac98db3313a268a5b6df99b5
- name: github.com/fatih/structtag
  version: 72c94723f1e6825195e0d8e9857fca28cd23d835
- name: github.com/garyburd/redigo
  version: a69d19351219b6dd56f274f96d85a7014a2ec34e
  subpackages:
  - internal
  - redis
- name: github.com/gofrs/uuid
  version: 6b08a5c5172ba18946672b49749cde22873dd7c2
- name: github.com/gogo/googleapis
  version: d31c731455cb061f42baff3bda55bad0118b126b
  subpackages:
  - google/rpc
- name: github.com/gogo/protobuf
  version: ba06b47c162d49f2af050fb4c75bcbc86a159d5c
  subpackages:
  - gogoproto
  - plugin/compare
  - plugin/defaultcheck
  - plugin/description
  - plugin/embedcheck
  - plugin/enumstringer
  - plugin/equal
  - plugin/face
  - plugin/gostring
  - plugin/marshalto
  - plugin/oneofcheck
  - plugin/populate
  - plugin/size
  - plugin/stringer
  - plugin/testgen
  - plugin/union
  - plugin/unmarshal
  - proto
  - protoc-gen-gogo/descriptor
  - protoc-gen-gogo/generator
  - protoc-gen-gogo/generator/internal/remap
  - protoc-gen-gogo/grpc
  - protoc-gen-gogo/plugin
  - protoc-gen-gogoslick
  - sortkeys
  - types
  - vanity
  - vanity/command
- name: github.com/gogo/status
  version: 935308aef7372e7685e8fbee162aae8f7a7e515a
- name: github.com/golang/mock
  version: 3dcdcb6994c4de42a73bd2e4790178be3ed4554b
  subpackages:
  - gomock
  - mockgen
  - mockgen/model
- name: github.com/golang/protobuf
  version: d23c5127dc24889085f8ccea5c9d560a57a879d8
  subpackages:
  - proto
  - ptypes
  - ptypes/any
  - ptypes/duration
  - ptypes/timestamp
- name: github.com/jessevdk/go-flags
  version: c6ca198ec95c841fdb89fc0de7496fed11ab854e
- name: github.com/kisielk/errcheck
  version: e14f8d59a22d460d56c5ee92507cd94c78fbf274
  subpackages:
  - internal/errcheck
- name: github.com/matttproud/golang_protobuf_extensions
  version: c182affec369e30f25d3eb8cd8a478dee585ae7d
  subpackages:
  - pbutil
- name: github.com/opentracing/opentracing-go
  version: 659c90643e714681897ec2521c60567dd21da733
  subpackages:
  - ext
  - log
- name: github.com/pkg/errors
  version: ba968bfe8b2f7e042a574c888954fccecfa385b4
- name: github.com/prometheus/client_golang
  version: 170205fb58decfd011f1550d4cfb737230d7ae4f
  subpackages:
  - prometheus
  - prometheus/internal
  - prometheus/promhttp
- name: github.com/prometheus/client_model
  version: fd36f4220a901265f90734c3183c5f0c91daa0b8
  subpackages:
  - go
- name: github.com/prometheus/common
  version: 31bed53e4047fd6c510e43a941f90cb31be0972a
  subpackages:
  - expfmt
  - internal/bitbucket.org/ww/goautoneg
  - model
- name: github.com/prometheus/procfs
  version: 6d489fc7f1d9cd890a250f3ea3431b1744b9623f
  subpackages:
  - internal/fs
  - internal/util
- name: github.com/samuel/go-thrift
  version: e8b6b52668fe9c972220addc130edf46a9b466b1
  subpackages:
  - parser
- name: github.com/uber-go/mapdecode
  version: 718b4994083e432669f44a00174c5f1bcdb1434d
  subpackages:
  - internal/mapstructure
- name: github.com/uber-go/tally
  version: 9709da01ea993da74e308d699f1853277b9dd68b
- name: github.com/uber/dosa-idl
  version: 146844293e10a128023b6e106e17d846ee349e96
  subpackages:
  - .gen/dosa
  - .gen/dosa/dosaclient
  - .gen/dosa/dosatest
- name: github.com/uber/tchannel-go
  version: e6bc214d794a9d6062045dd672de210cf211994d
  subpackages:
  - internal/argreader
  - relay
  - thrift/arg2
  - thrift/thrift-gen
  - tnet
  - tos
  - trand
  - typed
- name: go.uber.org/atomic
  version: 40ae6a40a970ef4cdbffa7b24b280e316db8accc
- name: go.uber.org/multierr
  version: 3c4937480c32f4c13a875a1829af76c98ca3d40a
- name: go.uber.org/net/metrics
  version: 1b0dba5372807d15069c48adcf7d2ee974d3aa40
  subpackages:
  - bucket
  - push
  - tallypush
- name: go.uber.org/thriftrw
  version: a5a94bffd4432355f3f5c9c764980d77fab3cfb6
  subpackages:
  - ast
  - compile
  - envelope
  - gen
  - idl
  - idl/internal
  - internal/concurrent
  - internal/curry
  - internal/envelope
  - internal/envelope/exception
  - internal/frame
  - internal/goast
  - internal/multiplex
  - internal/plugin
  - internal/plugin/builtin/pluginapigen
  - internal/process
  - plugin
  - plugin/api
  - protocol
  - protocol/binary
  - ptr
  - thriftreflect
  - version
  - wire
- name: go.uber.org/tools
  version: 2cfd321de3ee5d5f8a5fda2521d1703478334d98
  subpackages:
  - update-license
- name: go.uber.org/yarpc
  version: a471b8ec71047ae92683262313a0b04fa847f27c
  subpackages:
  - api/backoff
  - api/encoding
  - api/middleware
  - api/peer
  - api/transport
  - encoding/thrift
  - encoding/thrift/internal
  - internal
  - internal/backoff
  - internal/bufferpool
  - internal/config
  - internal/digester
  - internal/errorsync
  - internal/grpcerrorcodes
  - internal/humanize
  - internal/inboundmiddleware
  - internal/interpolate
  - internal/introspection
  - internal/iopool
  - internal/net
  - internal/observability
  - internal/outboundmiddleware
  - internal/request
  - internal/yarpcerrors
  - peer
  - peer/abstractpeer
  - peer/hostport
  - pkg/encoding
  - pkg/errors
  - pkg/lifecycle
  - pkg/procedure
  - transport/grpc
  - transport/http
  - transport/tchannel
  - transport/tchannel/internal
  - yarpcconfig
  - yarpcerrors
- name: go.uber.org/zap
  version: 33e58d4d0120aa28d4df84cd244838c490846c9d
  subpackages:
  - buffer
  - internal/bufferpool
  - internal/color
  - internal/exit
  - zapcore
- name: golang.org/x/lint
  version: 959b441ac422379a43da2230f62be024250818b0
  subpackages:
  - golint
- name: golang.org/x/net
  version: 6afb5195e5aab057fda82e27171243402346b0ad
  subpackages:
  - bpf
  - context
  - http/httpguts
  - http2
  - http2/hpack
  - idna
  - internal/iana
  - internal/socket
  - internal/timeseries
  - ipv4
  - ipv6
  - trace
- name: golang.org/x/sys
  version: c5567b49c5d04a5f83870795b8c0e2df43a8ce32
  repo: https://github.com/golang/sys
  subpackages:
  - unix
  - windows
- name: golang.org/x/text
  version: 342b2e1fbaa52c93f31447ad2c6abc048c63e475
  subpackages:
  - secure/bidirule
  - transform
  - unicode/bidi
  - unicode/norm
- name: golang.org/x/tools
  version: a101b041ded4588cfeb96c45f394050221b40f11
  repo: https://github.com/golang/tools
  subpackages:
  - cmd/goimports
  - cmd/goyacc
  - cmd/stringer
  - go/analysis
  - go/analysis/passes/inspect
  - go/ast/astutil
  - go/ast/inspector
  - go/gcexportdata
  - go/internal/gcimporter
  - go/internal/packagesdriver
  - go/packages
  - go/types/objectpath
  - go/types/typeutil
  - internal/fastwalk
  - internal/gopathwalk
  - internal/imports
  - internal/module
  - internal/semver
- name: google.golang.org/genproto
  version: 6af8c5fc6601ab6b41cd32742a65ce2f5bd9db57
  subpackages:
  - googleapis/rpc/status
- name: google.golang.org/grpc
  version: ca10cab155cfd48ea43af22dea669df2606d2d4e
  subpackages:
  - attributes
  - backoff
  - balancer
  - balancer/base
  - balancer/roundrobin
  - binarylog/grpc_binarylog_v1
  - codes
  - connectivity
  - credentials
  - credentials/internal
  - encoding
  - encoding/proto
  - grpclog
  - internal
  - internal/backoff
  - internal/balancerload
  - internal/binarylog
  - internal/buffer
  - internal/channelz
  - internal/envconfig
  - internal/grpcrand
  - internal/grpcsync
  - internal/resolver/dns
  - internal/resolver/passthrough
  - internal/syscall
  - internal/transport
  - keepalive
  - metadata
  - naming
  - peer
  - resolver
  - serviceconfig
  - stats
  - status
  - tap
- name: gopkg.in/yaml.v2
  version: 53403b58ad1b561927d19068c655246f2db79d48
- name: honnef.co/go/tools
  version: 785c4eef00d77ef0d831f827bac847052514605c
  subpackages:
  - arg
  - cmd/staticcheck
  - config
  - deprecated
  - facts
  - functions
  - go/types/typeutil
  - internal/cache
  - internal/passes/buildssa
  - internal/renameio
  - internal/sharedcheck
  - lint
  - lint/lintdsl
  - lint/lintutil
  - lint/lintutil/format
  - loader
  - printf
  - simple
  - ssa
  - ssautil
  - staticcheck
  - staticcheck/vrp
  - stylecheck
  - unused
  - version
testImports:
- name: github.com/axw/gocov
  version: b6eca663ebb7e7ef9798914d19f53ba2c6f74c96
  subpackages:
  - gocov
- name: github.com/davecgh/go-spew
  version: d8f796af33cc11cb798c1aaeb27a4ebc5099927d
  subpackages:
  - spew
- name: github.com/go-playground/overalls
  version: 7df9f728c0184c499df945e32dbec880ce622c81
- name: github.com/kisielk/gotool
  version: 80517062f582ea3340cd4baf70e86d539ae7d84d
- name: github.com/matm/gocov-html
  version: b72939949367438bf52c0cf976f22daa6777b509
- name: github.com/mattn/goveralls
  version: 3dca685be5da15e615a09b54d22b74c47225bac4
- name: github.com/pmezard/go-difflib
  version: 5d4384ee4fb2527b0a1256a821ebfc92f91efefc
  subpackages:
  - difflib
- name: github.com/sectioneight/md-to-godoc
  version: 79157ff08f1acd5c5b1d13d71c0adb7908dbb8a2
- name: github.com/stretchr/testify
  version: 221dbe5ed46703ee255b1da0dec05086f5035f62
  subpackages:
  - assert
- name: github.com/yookoala/realpath
  version: d19ef9c409d9817c1e685775e53d361b03eabbc8
